
Microsoft Visual Studio Solution File, Format Version 12.00
# Visual Studio Version 17
VisualStudioVersion = 17.3.32811.315
MinimumVisualStudioVersion = 10.0.40219.1
Project("{FAE04EC0-301F-11D3-BF4B-00C04F79EFBC}") = "Elon", "Elon.csproj", "{B64835B1-92D6-46F5-BBC1-146E553DA04A}"
EndProject
Global
	GlobalSection(SolutionConfigurationPlatforms) = preSolution
		Debug|Any CPU = Debug|Any CPU
		Release|Any CPU = Release|Any CPU
	EndGlobalSection
	GlobalSection(ProjectConfigurationPlatforms) = postSolution
		{B64835B1-92D6-46F5-BBC1-146E553DA04A}.Debug|Any CPU.ActiveCfg = Debug|Any CPU
		{B64835B1-92D6-46F5-BBC1-146E553DA04A}.Debug|Any CPU.Build.0 = Debug|Any CPU
		{B64835B1-92D6-46F5-BBC1-146E553DA04A}.Release|Any CPU.ActiveCfg = Release|Any CPU
		{B64835B1-92D6-46F5-BBC1-146E553DA04A}.Release|Any CPU.Build.0 = Release|Any CPU
	EndGlobalSection
	GlobalSection(SolutionProperties) = preSolution
		HideSolutionNode = FALSE
	EndGlobalSection
	GlobalSection(ExtensibilityGlobals) = postSolution
		SolutionGuid = {C51E7FFF-F0D1-4008-A7E0-5300B78A5146}
	EndGlobalSection
EndGlobal
